
Microsoft Visual Studio Solution File, Format Version 12.00
# Visual Studio 15
VisualStudioVersion = 15.0.28307.572
MinimumVisualStudioVersion = 10.0.40219.1
Project("{FAE04EC0-301F-11D3-BF4B-00C04F79EFBC}") = "Capsule", "Capsule\Capsule.csproj", "{8C6BDD73-212F-40B3-987E-D8E5EC8BE8B3}"
EndProject
Project("{FAE04EC0-301F-11D3-BF4B-00C04F79EFBC}") = "Capsule.Tests", "Capsule.Tests\Capsule.Tests.csproj", "{8DFDF245-CC5A-4427-8283-7E3AAE04F3FA}"
EndProject
Global
	GlobalSection(SolutionConfigurationPlatforms) = preSolution
		Debug|Any CPU = Debug|Any CPU
		Release|Any CPU = Release|Any CPU
	EndGlobalSection
	GlobalSection(ProjectConfigurationPlatforms) = postSolution
		{8C6BDD73-212F-40B3-987E-D8E5EC8BE8B3}.Debug|Any CPU.ActiveCfg = Debug|Any CPU
		{8C6BDD73-212F-40B3-987E-D8E5EC8BE8B3}.Debug|Any CPU.Build.0 = Debug|Any CPU
		{8C6BDD73-212F-40B3-987E-D8E5EC8BE8B3}.Release|Any CPU.ActiveCfg = Release|Any CPU
		{8C6BDD73-212F-40B3-987E-D8E5EC8BE8B3}.Release|Any CPU.Build.0 = Release|Any CPU
		{8DFDF245-CC5A-4427-8283-7E3AAE04F3FA}.Debug|Any CPU.ActiveCfg = Debug|Any CPU
		{8DFDF245-CC5A-4427-8283-7E3AAE04F3FA}.Debug|Any CPU.Build.0 = Debug|Any CPU
		{8DFDF245-CC5A-4427-8283-7E3AAE04F3FA}.Release|Any CPU.ActiveCfg = Release|Any CPU
		{8DFDF245-CC5A-4427-8283-7E3AAE04F3FA}.Release|Any CPU.Build.0 = Release|Any CPU
	EndGlobalSection
	GlobalSection(SolutionProperties) = preSolution
		HideSolutionNode = FALSE
	EndGlobalSection
	GlobalSection(ExtensibilityGlobals) = postSolution
		SolutionGuid = {D613DB37-729F-453B-B85C-1283FA042BAC}
	EndGlobalSection
EndGlobal
